
Microsoft Visual Studio Solution File, Format Version 12.00
# Visual Studio 2013
VisualStudioVersion = 12.0.40629.0
MinimumVisualStudioVersion = 10.0.40219.1
Project("{FAE04EC0-301F-11D3-BF4B-00C04F79EFBC}") = "LearnNewLanguageCore", "LearnNewLanguageCore\LearnNewLanguageCore.csproj", "{08F8D986-0CC8-480B-BBF9-84128114023D}"
EndProject
Project("{FAE04EC0-301F-11D3-BF4B-00C04F79EFBC}") = "LearnNewLanguageWF", "LearnNewLanguageWF\LearnNewLanguageWF.csproj", "{4C1984DB-D27D-4BA7-9E91-8FDDA7024214}"
EndProject
Project("{FAE04EC0-301F-11D3-BF4B-00C04F79EFBC}") = "LearnNewLanguageDroid", "LearnNewLanguageDroid\LearnNewLanguageDroid.csproj", "{43AC8099-21B7-406F-B2A8-3C015AC14F49}"
EndProject
Global
	GlobalSection(SolutionConfigurationPlatforms) = preSolution
		Debug|Any CPU = Debug|Any CPU
		Release|Any CPU = Release|Any CPU
	EndGlobalSection
	GlobalSection(ProjectConfigurationPlatforms) = postSolution
		{08F8D986-0CC8-480B-BBF9-84128114023D}.Debug|Any CPU.ActiveCfg = Debug|Any CPU
		{08F8D986-0CC8-480B-BBF9-84128114023D}.Debug|Any CPU.Build.0 = Debug|Any CPU
		{08F8D986-0CC8-480B-BBF9-84128114023D}.Release|Any CPU.ActiveCfg = Release|Any CPU
		{08F8D986-0CC8-480B-BBF9-84128114023D}.Release|Any CPU.Build.0 = Release|Any CPU
		{4C1984DB-D27D-4BA7-9E91-8FDDA7024214}.Debug|Any CPU.ActiveCfg = Debug|Any CPU
		{4C1984DB-D27D-4BA7-9E91-8FDDA7024214}.Debug|Any CPU.Build.0 = Debug|Any CPU
		{4C1984DB-D27D-4BA7-9E91-8FDDA7024214}.Release|Any CPU.ActiveCfg = Release|Any CPU
		{4C1984DB-D27D-4BA7-9E91-8FDDA7024214}.Release|Any CPU.Build.0 = Release|Any CPU
		{43AC8099-21B7-406F-B2A8-3C015AC14F49}.Debug|Any CPU.ActiveCfg = Debug|Any CPU
		{43AC8099-21B7-406F-B2A8-3C015AC14F49}.Debug|Any CPU.Build.0 = Debug|Any CPU
		{43AC8099-21B7-406F-B2A8-3C015AC14F49}.Debug|Any CPU.Deploy.0 = Debug|Any CPU
		{43AC8099-21B7-406F-B2A8-3C015AC14F49}.Release|Any CPU.ActiveCfg = Release|Any CPU
		{43AC8099-21B7-406F-B2A8-3C015AC14F49}.Release|Any CPU.Build.0 = Release|Any CPU
		{43AC8099-21B7-406F-B2A8-3C015AC14F49}.Release|Any CPU.Deploy.0 = Release|Any CPU
	EndGlobalSection
	GlobalSection(SolutionProperties) = preSolution
		HideSolutionNode = FALSE
	EndGlobalSection
EndGlobal
